lockfileVersion: '9.0'

settings:
  autoInstallPeers: true
  excludeLinksFromLockfile: false

importers:

  .:
    dependencies:
      '@superbuilders/errors':
        specifier: ^4.0.0
        version: 4.0.0(typescript@6.0.3)
    devDependencies:
      '@types/node':
        specifier: ^26.1.0
        version: 26.1.0
      '@typescript/native-preview':
        specifier: ^7.0.0-dev.20260612.1
        version: 7.0.0-dev.20260701.1
      typescript:
        specifier: ^6.0.3
        version: 6.0.3

packages:

  '@superbuilders/errors@4.0.0':
    resolution: {integrity: sha512-ZZnkKSvwGCz4WQBwChbRPYGbE0Id8dXSAyasDflAeEnoZ0QUVEovG7L039jx2LE8m3x0zi4bND55A45iPw8NZQ==}
    engines: {node: '>=18'}
    peerDependencies:
      typescript: ^5.8.3

  '@types/node@26.1.0':
    resolution: {integrity: sha512-O0A1G3xPGy4w7AgQdAQYUlQ+BKk2Oovw8eRpofyp5KdBZULnbe+WqaOVNrm705SHphCiG4XHsACrSmPu1f+Kgw==}

  '@typescript/native-preview-darwin-arm64@7.0.0-dev.20260701.1':
    resolution: {integrity: sha512-rm3v+3Mcrj91NPwG0mjaLfbJjydCDX/skF82cQw0K6XWsEK7wHmpLEF1xPOWGnV05RhTYJac9VoKUjgcADkbXA==}
    engines: {node: '>=16.20.0'}
    cpu: [arm64]
    os: [darwin]

  '@typescript/native-preview-darwin-x64@7.0.0-dev.20260701.1':
    resolution: {integrity: sha512-jtbtV3A+cmkmDuqs56Qj3Hb+NmOAMHFX+FTLhCagJybjsng1lOl1h8vYaYg3F6EMgSiZI66hIpB9TMi3n8jFEw==}
    engines: {node: '>=16.20.0'}
    cpu: [x64]
    os: [darwin]

  '@typescript/native-preview-linux-arm64@7.0.0-dev.20260701.1':
    resolution: {integrity: sha512-SPEfXZhCRff6kPYrqJIkKkKBy1rxPk0Wmam7U0AOuMQtXTNPmqCtx54J/F6nfGR89ATTDTDr69MujFAG+lFQVg==}
    engines: {node: '>=16.20.0'}
    cpu: [arm64]
    os: [linux]

  '@typescript/native-preview-linux-arm@7.0.0-dev.20260701.1':
    resolution: {integrity: sha512-c22PWjLMecd2xsAZRlpC1mnr8GZUjnFS32URPd2NhKOEx/6Dp7bPZvI+7NNXDXTew/fkgAaZvhLTWHGG64gqGw==}
    engines: {node: '>=16.20.0'}
    cpu: [arm]
    os: [linux]

  '@typescript/native-preview-linux-x64@7.0.0-dev.20260701.1':
    resolution: {integrity: sha512-Y9NX6qGOCQD4zdCXJCABB8TL3IkFsWVlwMQ3OGtQ8A/OzyIFN01QyHWFgB5AJFZQoasryb+nnhu9r2IY5KpBwA==}
    engines: {node: '>=16.20.0'}
    cpu: [x64]
    os: [linux]

  '@typescript/native-preview-win32-arm64@7.0.0-dev.20260701.1':
    resolution: {integrity: sha512-7IRD34O2Kp7mIplQEC/HgLyehmKL1FGlTYhlAqxxZfKhSt694yytd2dCCnxMMA/aPHjcqBke04wNPOOhQ2ezcA==}
    engines: {node: '>=16.20.0'}
    cpu: [arm64]
    os: [win32]

  '@typescript/native-preview-win32-x64@7.0.0-dev.20260701.1':
    resolution: {integrity: sha512-zVfayHxvFZAQ0hJbegDcfhJamyQpLn6ahMDATAra+EkA3+/nbTW3VjCJ3h1V2PSNTY9rTPzGroFURV5cvErh3A==}
    engines: {node: '>=16.20.0'}
    cpu: [x64]
    os: [win32]

  '@typescript/native-preview@7.0.0-dev.20260701.1':
    resolution: {integrity: sha512-eXPtWsAj0s06kHWVDlBj7ABwoyNDHuW2gCbQ+bYGlyymDYteiAydelhyhyzUsenzGraPLdd/OPwEUB8/KUdpBw==}
    engines: {node: '>=16.20.0'}
    hasBin: true

  typescript@6.0.3:
    resolution: {integrity: sha512-y2TvuxSZPDyQakkFRPZHKFm+KKVqIisdg9/CZwm9ftvKXLP8NRWj38/ODjNbr43SsoXqNuAisEf1GdCxqWcdBw==}
    engines: {node: '>=14.17'}
    hasBin: true

  undici-types@8.3.0:
    resolution: {integrity: sha512-j375ScV60dom+YkPFIfTLcOiPxkN/buHz5GobjLhixFuANaNs3C9l4GmrWqejgXWJ7BbJcFYpTEUkS1Ge8bpZQ==}

snapshots:

  '@superbuilders/errors@4.0.0(typescript@6.0.3)':
    dependencies:
      typescript: 6.0.3

  '@types/node@26.1.0':
    dependencies:
      undici-types: 8.3.0

  '@typescript/native-preview-darwin-arm64@7.0.0-dev.20260701.1':
    optional: true

  '@typescript/native-preview-darwin-x64@7.0.0-dev.20260701.1':
    optional: true

  '@typescript/native-preview-linux-arm64@7.0.0-dev.20260701.1':
    optional: true

  '@typescript/native-preview-linux-arm@7.0.0-dev.20260701.1':
    optional: true

  '@typescript/native-preview-linux-x64@7.0.0-dev.20260701.1':
    optional: true

  '@typescript/native-preview-win32-arm64@7.0.0-dev.20260701.1':
    optional: true

  '@typescript/native-preview-win32-x64@7.0.0-dev.20260701.1':
    optional: true

  '@typescript/native-preview@7.0.0-dev.20260701.1':
    optionalDependencies:
      '@typescript/native-preview-darwin-arm64': 7.0.0-dev.20260701.1
      '@typescript/native-preview-darwin-x64': 7.0.0-dev.20260701.1
      '@typescript/native-preview-linux-arm': 7.0.0-dev.20260701.1
      '@typescript/native-preview-linux-arm64': 7.0.0-dev.20260701.1
      '@typescript/native-preview-linux-x64': 7.0.0-dev.20260701.1
      '@typescript/native-preview-win32-arm64': 7.0.0-dev.20260701.1
      '@typescript/native-preview-win32-x64': 7.0.0-dev.20260701.1

  typescript@6.0.3: {}

  undici-types@8.3.0: {}
